
Microsoft Visual Studio Solution File, Format Version 12.00
# Visual Studio Version 17
VisualStudioVersion = 17.10.35122.118
MinimumVisualStudioVersion = 10.0.40219.1
Project("{9A19103F-16F7-4668-BE54-9A1E7A4F7556}") = "PayRollApi", "PayRollApi.csproj", "{08A76258-AE26-4149-9684-19B87B938875}"
EndProject
Global
	GlobalSection(SolutionConfigurationPlatforms) = preSolution
		Debug|Any CPU = Debug|Any CPU
		Release|Any CPU = Release|Any CPU
	EndGlobalSection
	GlobalSection(ProjectConfigurationPlatforms) = postSolution
		{08A76258-AE26-4149-9684-19B87B938875}.Debug|Any CPU.ActiveCfg = Debug|Any CPU
		{08A76258-AE26-4149-9684-19B87B938875}.Debug|Any CPU.Build.0 = Debug|Any CPU
		{08A76258-AE26-4149-9684-19B87B938875}.Release|Any CPU.ActiveCfg = Release|Any CPU
		{08A76258-AE26-4149-9684-19B87B938875}.Release|Any CPU.Build.0 = Release|Any CPU
	EndGlobalSection
	GlobalSection(SolutionProperties) = preSolution
		HideSolutionNode = FALSE
	EndGlobalSection
	GlobalSection(ExtensibilityGlobals) = postSolution
		SolutionGuid = {4EBD9B52-FF2B-4259-B75A-BF27BAE62A2C}
	EndGlobalSection
EndGlobal
